
Microsoft Visual Studio Solution File, Format Version 12.00
# Visual Studio Version 17
VisualStudioVersion = 17.5.33516.290
MinimumVisualStudioVersion = 10.0.40219.1
Project("{FAE04EC0-301F-11D3-BF4B-00C04F79EFBC}") = "CodeWars", "CodeWars\CodeWars.csproj", "{CD7738DB-E025-4696-B4CA-CFE040C9BC44}"
EndProject
Project("{2150E333-8FDC-42A3-9474-1A3956D46DE8}") = "Solution Items", "Solution Items", "{C641448B-EE0C-491B-BEFE-8695A4E274E4}"
	ProjectSection(SolutionItems) = preProject
		.editorconfig = .editorconfig
	EndProjectSection
EndProject
Global
	GlobalSection(SolutionConfigurationPlatforms) = preSolution
		Debug|Any CPU = Debug|Any CPU
		Release|Any CPU = Release|Any CPU
	EndGlobalSection
	GlobalSection(ProjectConfigurationPlatforms) = postSolution
		{CD7738DB-E025-4696-B4CA-CFE040C9BC44}.Debug|Any CPU.ActiveCfg = Debug|Any CPU
		{CD7738DB-E025-4696-B4CA-CFE040C9BC44}.Debug|Any CPU.Build.0 = Debug|Any CPU
		{CD7738DB-E025-4696-B4CA-CFE040C9BC44}.Release|Any CPU.ActiveCfg = Release|Any CPU
		{CD7738DB-E025-4696-B4CA-CFE040C9BC44}.Release|Any CPU.Build.0 = Release|Any CPU
	EndGlobalSection
	GlobalSection(SolutionProperties) = preSolution
		HideSolutionNode = FALSE
	EndGlobalSection
	GlobalSection(ExtensibilityGlobals) = postSolution
		SolutionGuid = {9E9BFA9D-9120-4594-97C4-1AEC60C67257}
	EndGlobalSection
EndGlobal
